{
  "nodes": {
    "flake-utils": {
      "locked": {
        "lastModified": 1634851050,
        "narHash": "sha256-N83GlSGPJJdcqhUxSCS/WwW5pksYf3VP1M13cDRTSVA=",
        "owner": "numtide",
        "repo": "flake-utils",
        "rev": "c91f3de5adaf1de973b797ef7485e441a65b8935",
        "type": "github"
      },
      "original": {
        "owner": "numtide",
        "repo": "flake-utils",
        "type": "github"
      }
    },
    "flake-utils_2": {
      "locked": {
        "lastModified": 1623875721,
        "narHash": "sha256-A8BU7bjS5GirpAUv4QA+QnJ4CceLHkcXdRp4xITDB0s=",
        "owner": "numtide",
        "repo": "flake-utils",
        "rev": "f7e004a55b120c02ecb6219596820fcd32ca8772",
        "type": "github"
      },
      "original": {
        "owner": "numtide",
        "repo": "flake-utils",
        "type": "github"
      }
    },
    "nixpkgs": {
      "locked": {
        "lastModified": 1635403963,
        "narHash": "sha256-0actzfzBAXvvDJ/EvPSGbtCPXUwSObQrcq0RpsPWZgA=",
        "owner": "NixOS",
        "repo": "nixpkgs",
        "rev": "2deb07f3ac4eeb5de1c12c4ba2911a2eb1f6ed61",
        "type": "github"
      },
      "original": {
        "owner": "NixOS",
        "ref": "nixos-unstable",
        "repo": "nixpkgs",
        "type": "github"
      }
    },
    "root": {
      "inputs": {
        "flake-utils": "flake-utils",
        "nixpkgs": "nixpkgs",
        "rust-overlay": "rust-overlay"
      }
    },
    "rust-overlay": {
      "inputs": {
        "flake-utils": "flake-utils_2",
        "nixpkgs": [
          "nixpkgs"
        ]
      },
      "locked": {
        "lastModified": 1635560147,
        "narHash": "sha256-uylhnj9Y6OomM3Zd5buYC7xR4D2v9BPNwNvWmQ3kxOw=",
        "owner": "oxalica",
        "repo": "rust-overlay",
        "rev": "f6c518539e47688d8782c12787b68e7820972e12",
        "type": "github"
      },
      "original": {
        "owner": "oxalica",
        "repo": "rust-overlay",
        "type": "github"
      }
    }
  },
  "root": "root",
  "version": 7
}
